
Microsoft Visual Studio Solution File, Format Version 12.00
# Visual Studio Version 17
VisualStudioVersion = 17.3.32804.467
MinimumVisualStudioVersion = 10.0.40219.1
Project("{FAE04EC0-301F-11D3-BF4B-00C04F79EFBC}") = "RFID", "RFID.csproj", "{145D0DCA-AFD0-4566-BA36-E31B03B313C2}"
EndProject
Global
	GlobalSection(SolutionConfigurationPlatforms) = preSolution
		Debug|Any CPU = Debug|Any CPU
		Release|Any CPU = Release|Any CPU
	EndGlobalSection
	GlobalSection(ProjectConfigurationPlatforms) = postSolution
		{145D0DCA-AFD0-4566-BA36-E31B03B313C2}.Debug|Any CPU.ActiveCfg = Debug|Any CPU
		{145D0DCA-AFD0-4566-BA36-E31B03B313C2}.Debug|Any CPU.Build.0 = Debug|Any CPU
		{145D0DCA-AFD0-4566-BA36-E31B03B313C2}.Release|Any CPU.ActiveCfg = Release|Any CPU
		{145D0DCA-AFD0-4566-BA36-E31B03B313C2}.Release|Any CPU.Build.0 = Release|Any CPU
	EndGlobalSection
	GlobalSection(SolutionProperties) = preSolution
		HideSolutionNode = FALSE
	EndGlobalSection
	GlobalSection(ExtensibilityGlobals) = postSolution
		SolutionGuid = {2088934D-AAA5-4548-825D-51016A7DDECC}
	EndGlobalSection
EndGlobal
